PODS:
  - KIF (3.5.1):
    - KIF/Core (= 3.5.1)
  - KIF/Core (3.5.1)
  - OCHamcrest (6.0.0)
  - OCMockito (4.0.1):
    - OCHamcrest (~> 6.0)

DEPENDENCIES:
  - KIF (~> 3.5.1)
  - OCMockito (~> 4.0)

SPEC CHECKSUMS:
  KIF: 082eb65279e51c3092923802849eb796a04982ab
  OCHamcrest: fc8ab38149b97df8db8029a3f2157c951bf9081d
  OCMockito: 62ddc6afff6a883f2864d51224b1dfdc0e9a7df7

PODFILE CHECKSUM: cf0a1e4518fafe95a8c6d5020663e143ddd3113f

COCOAPODS: 1.0.1
