<?xml version="1.0" encoding="UTF-8"?>
<Scheme
   LastUpgradeVersion = "0710"
   version = "1.3">
   <BuildAction
      parallelizeBuildables = "YES"
      buildImplicitDependencies = "YES">
      <BuildActionEntries>
         <BuildActionEntry
            buildForTesting = "YES"
            buildForRunning = "YES"
            buildForProfiling = "YES"
            buildForArchiving = "YES"
            buildForAnalyzing = "YES">
            <BuildableReference
               BuildableIdentifier = "primary"
               BlueprintIdentifier = "EBCA1A6C1B61785B004F09F1"
               BuildableName = "Calc-Postfix-TDD.app"
               BlueprintName = "tdd-sample-postfix-calculator"
               ReferencedContainer = "container:Calc-Postfix-TDD.xcodeproj">
            </BuildableReference>
         </BuildActionEntry>
         <BuildActionEntry
            buildForTesting = "YES"
            buildForRunning = "YES"
            buildForProfiling = "NO"
            buildForArchiving = "NO"
            buildForAnalyzing = "YES">
            <BuildableReference
               BuildableIdentifier = "primary"
               BlueprintIdentifier = "EBCA1A851B61785B004F09F1"
               BuildableName = "Calc-Postfix-TDD.xctest"
               BlueprintName = "tdd-sample-postfix-calculatorTests"
               ReferencedContainer = "container:Calc-Postfix-TDD.xcodeproj">
            </BuildableReference>
         </BuildActionEntry>
         <BuildActionEntry
            buildForTesting = "YES"
            buildForRunning = "NO"
            buildForProfiling = "NO"
            buildForArchiving = "NO"
            buildForAnalyzing = "YES">
            <BuildableReference
               BuildableIdentifier = "primary"
               BlueprintIdentifier = "EBC23B6A1BE4028A0084EF87"
               BuildableName = "tdd-sample-postfix-calculatorAcceptanceTests.xctest"
               BlueprintName = "tdd-sample-postfix-calculatorAcceptanceTests"
               ReferencedContainer = "container:Calc-Postfix-TDD.xcodeproj">
            </BuildableReference>
         </BuildActionEntry>
      </BuildActionEntries>
   </BuildAction>
   <TestAction
      buildConfiguration = "Debug"
      selectedDebuggerIdentifier = "Xcode.DebuggerFoundation.Debugger.LLDB"
      selectedLauncherIdentifier = "Xcode.DebuggerFoundation.Launcher.LLDB"
      shouldUseLaunchSchemeArgsEnv = "YES">
      <Testables>
         <TestableReference
            skipped = "NO">
            <BuildableReference
               BuildableIdentifier = "primary"
               BlueprintIdentifier = "EBCA1A851B61785B004F09F1"
               BuildableName = "Calc-Postfix-TDD.xctest"
               BlueprintName = "tdd-sample-postfix-calculatorTests"
               ReferencedContainer = "container:Calc-Postfix-TDD.xcodeproj">
            </BuildableReference>
         </TestableReference>
         <TestableReference
            skipped = "NO">
            <BuildableReference
               BuildableIdentifier = "primary"
               BlueprintIdentifier = "EBC23B6A1BE4028A0084EF87"
               BuildableName = "tdd-sample-postfix-calculatorAcceptanceTests.xctest"
               BlueprintName = "tdd-sample-postfix-calculatorAcceptanceTests"
               ReferencedContainer = "container:Calc-Postfix-TDD.xcodeproj">
            </BuildableReference>
         </TestableReference>
      </Testables>
      <MacroExpansion>
         <BuildableReference
            BuildableIdentifier = "primary"
            BlueprintIdentifier = "EBCA1A6C1B61785B004F09F1"
            BuildableName = "Calc-Postfix-TDD.app"
            BlueprintName = "tdd-sample-postfix-calculator"
            ReferencedContainer = "container:Calc-Postfix-TDD.xcodeproj">
         </BuildableReference>
      </MacroExpansion>
      <AdditionalOptions>
      </AdditionalOptions>
   </TestAction>
   <LaunchAction
      buildConfiguration = "Debug"
      selectedDebuggerIdentifier = "Xcode.DebuggerFoundation.Debugger.LLDB"
      selectedLauncherIdentifier = "Xcode.DebuggerFoundation.Launcher.LLDB"
      launchStyle = "0"
      useCustomWorkingDirectory = "NO"
      ignoresPersistentStateOnLaunch = "NO"
      debugDocumentVersioning = "YES"
      debugServiceExtension = "internal"
      allowLocationSimulation = "YES">
      <BuildableProductRunnable
         runnableDebuggingMode = "0">
         <BuildableReference
            BuildableIdentifier = "primary"
            BlueprintIdentifier = "EBCA1A6C1B61785B004F09F1"
            BuildableName = "Calc-Postfix-TDD.app"
            BlueprintName = "tdd-sample-postfix-calculator"
            ReferencedContainer = "container:Calc-Postfix-TDD.xcodeproj">
         </BuildableReference>
      </BuildableProductRunnable>
      <AdditionalOptions>
      </AdditionalOptions>
   </LaunchAction>
   <ProfileAction
      buildConfiguration = "Release"
      shouldUseLaunchSchemeArgsEnv = "YES"
      savedToolIdentifier = ""
      useCustomWorkingDirectory = "NO"
      debugDocumentVersioning = "YES">
      <BuildableProductRunnable
         runnableDebuggingMode = "0">
         <BuildableReference
            BuildableIdentifier = "primary"
            BlueprintIdentifier = "EBCA1A6C1B61785B004F09F1"
            BuildableName = "Calc-Postfix-TDD.app"
            BlueprintName = "tdd-sample-postfix-calculator"
            ReferencedContainer = "container:Calc-Postfix-TDD.xcodeproj">
         </BuildableReference>
      </BuildableProductRunnable>
   </ProfileAction>
   <AnalyzeAction
      buildConfiguration = "Debug">
   </AnalyzeAction>
   <ArchiveAction
      buildConfiguration = "Release"
      revealArchiveInOrganizer = "YES">
   </ArchiveAction>
</Scheme>
